// !$*UTF8*$!
{
	archiveVersion = 1;
	classes = {
	};
	objectVersion = 46;
	objects = {

/* Begin PBXBuildFile section */
		2DE07E44B2B1CA759E702364 /* Pods_KnowSnow.framework in Frameworks */ = {isa = PBXBuildFile; fileRef = 633838DEB853F270504F21A4 /* Pods_KnowSnow.framework */; };
		3613791B1F96C58E0018490C /* WeatherCell.swift in Sources */ = {isa = PBXBuildFile; fileRef = 3613791A1F96C58E0018490C /* WeatherCell.swift */; };
		3613791D1F96C5E90018490C /* WeatherCollectionView.swift in Sources */ = {isa = PBXBuildFile; fileRef = 3613791C1F96C5E90018490C /* WeatherCollectionView.swift */; };
		491D57641EE61EE40027F11C /* SetSchoolViewController.swift in Sources */ = {isa = PBXBuildFile; fileRef = 491D57631EE61EE40027F11C /* SetSchoolViewController.swift */; };
		491D57661EE61F2A0027F11C /* TownCellTableViewCell.swift in Sources */ = {isa = PBXBuildFile; fileRef = 491D57651EE61F2A0027F11C /* TownCellTableViewCell.swift */; };
		492F08801ED5CBB600167D05 /* UISegmentedControl.swift in Sources */ = {isa = PBXBuildFile; fileRef = 492F087F1ED5CBB600167D05 /* UISegmentedControl.swift */; };
		492F08821ED5EFFD00167D05 /* LaunchScreenViewController.swift in Sources */ = {isa = PBXBuildFile; fileRef = 492F08811ED5EFFD00167D05 /* LaunchScreenViewController.swift */; };
		493B69E11F85E6E000838AE4 /* SetSchoolFromInfoViewController.swift in Sources */ = {isa = PBXBuildFile; fileRef = 493B69E01F85E6E000838AE4 /* SetSchoolFromInfoViewController.swift */; };
		4940397C1ED3AA0E000F028F /* SlideMenuViewController.swift in Sources */ = {isa = PBXBuildFile; fileRef = 4940397B1ED3AA0E000F028F /* SlideMenuViewController.swift */; };
		494AE5CB1EDE5892000E1BEC /* WeatherObject.swift in Sources */ = {isa = PBXBuildFile; fileRef = 494AE5CA1EDE5892000E1BEC /* WeatherObject.swift */; };
		4966CADA1ED8BCC90034C251 /* cloudy.png in Resources */ = {isa = PBXBuildFile; fileRef = 4966CAD21ED8BCC90034C251 /* cloudy.png */; };
		4966CADB1ED8BCC90034C251 /* rain.png in Resources */ = {isa = PBXBuildFile; fileRef = 4966CAD31ED8BCC90034C251 /* rain.png */; };
		4966CADC1ED8BCC90034C251 /* fog.png in Resources */ = {isa = PBXBuildFile; fileRef = 4966CAD41ED8BCC90034C251 /* fog.png */; };
		4966CADD1ED8BCC90034C251 /* tornado.png in Resources */ = {isa = PBXBuildFile; fileRef = 4966CAD51ED8BCC90034C251 /* tornado.png */; };
		4966CADE1ED8BCC90034C251 /* snow.png in Resources */ = {isa = PBXBuildFile; fileRef = 4966CAD61ED8BCC90034C251 /* snow.png */; };
		4966CADF1ED8BCC90034C251 /* thunderstorm.png in Resources */ = {isa = PBXBuildFile; fileRef = 4966CAD71ED8BCC90034C251 /* thunderstorm.png */; };
		4966CAE01ED8BCC90034C251 /* partly-cloudy-day.png in Resources */ = {isa = PBXBuildFile; fileRef = 4966CAD81ED8BCC90034C251 /* partly-cloudy-day.png */; };
		4966CAE11ED8BCC90034C251 /* clear-day.png in Resources */ = {isa = PBXBuildFile; fileRef = 4966CAD91ED8BCC90034C251 /* clear-day.png */; };
		496829AF1E68CE3000D7A9AC /* fairfield county outline.png in Resources */ = {isa = PBXBuildFile; fileRef = 496829AE1E68CE3000D7A9AC /* fairfield county outline.png */; };
		496829B11E68DA4400D7A9AC /* Search Filled-25.png in Resources */ = {isa = PBXBuildFile; fileRef = 496829B01E68DA4400D7A9AC /* Search Filled-25.png */; };
		496829B31E68E0BE00D7A9AC /* GoogleService-Info.plist in Resources */ = {isa = PBXBuildFile; fileRef = 496829B21E68E0BE00D7A9AC /* GoogleService-Info.plist */; };
		49844CF71F85C646003B3FFD /* icons8-Cloud Filled-50.png in Resources */ = {isa = PBXBuildFile; fileRef = 49E31D5F1F85BD1200B6A7F5 /* icons8-Cloud Filled-50.png */; };
		49844CFD1F85DB9B003B3FFD /* darkSky2.png in Resources */ = {isa = PBXBuildFile; fileRef = 49844CFC1F85D8EE003B3FFD /* darkSky2.png */; };
		498F0B531EE79DC3004D0875 /* DatePickerDialog.swift in Sources */ = {isa = PBXBuildFile; fileRef = 498F0B521EE79DC3004D0875 /* DatePickerDialog.swift */; };
		49AB94B51E66826E0094EDAB /* Calendar Filled-25.png in Resources */ = {isa = PBXBuildFile; fileRef = 49AB94B41E66826E0094EDAB /* Calendar Filled-25.png */; };
		49AB94B71E6687C70094EDAB /* Appointment Reminders Filled-25.png in Resources */ = {isa = PBXBuildFile; fileRef = 49AB94B61E6687C70094EDAB /* Appointment Reminders Filled-25.png */; };
		49AB94B91E668D5E0094EDAB /* Logo.png in Resources */ = {isa = PBXBuildFile; fileRef = 49AB94B81E668D5E0094EDAB /* Logo.png */; };
		49AB94E31E669C6B0094EDAB /* Contents.json in Resources */ = {isa = PBXBuildFile; fileRef = 49AB94BD1E669C6B0094EDAB /* Contents.json */; };
		49AB94E41E669C6B0094EDAB /* Icon-App-20x20@1x.png in Resources */ = {isa = PBXBuildFile; fileRef = 49AB94BE1E669C6B0094EDAB /* Icon-App-20x20@1x.png */; };
		49AB94E51E669C6B0094EDAB /* Icon-App-20x20@2x.png in Resources */ = {isa = PBXBuildFile; fileRef = 49AB94BF1E669C6B0094EDAB /* Icon-App-20x20@2x.png */; };
		49AB94E61E669C6B0094EDAB /* Icon-App-20x20@3x.png in Resources */ = {isa = PBXBuildFile; fileRef = 49AB94C01E669C6B0094EDAB /* Icon-App-20x20@3x.png */; };
		49AB94E71E669C6B0094EDAB /* Icon-App-29x29@1x.png in Resources */ = {isa = PBXBuildFile; fileRef = 49AB94C11E669C6B0094EDAB /* Icon-App-29x29@1x.png */; };
		49AB94E81E669C6B0094EDAB /* Icon-App-29x29@2x.png in Resources */ = {isa = PBXBuildFile; fileRef = 49AB94C21E669C6B0094EDAB /* Icon-App-29x29@2x.png */; };
		49AB94E91E669C6B0094EDAB /* Icon-App-29x29@3x.png in Resources */ = {isa = PBXBuildFile; fileRef = 49AB94C31E669C6B0094EDAB /* Icon-App-29x29@3x.png */; };
		49AB94EA1E669C6B0094EDAB /* Icon-App-40x40@1x.png in Resources */ = {isa = PBXBuildFile; fileRef = 49AB94C41E669C6B0094EDAB /* Icon-App-40x40@1x.png */; };
		49AB94EB1E669C6B0094EDAB /* Icon-App-40x40@2x.png in Resources */ = {isa = PBXBuildFile; fileRef = 49AB94C51E669C6B0094EDAB /* Icon-App-40x40@2x.png */; };
		49AB94EC1E669C6B0094EDAB /* Icon-App-40x40@3x.png in Resources */ = {isa = PBXBuildFile; fileRef = 49AB94C61E669C6B0094EDAB /* Icon-App-40x40@3x.png */; };
		49AB94ED1E669C6B0094EDAB /* Icon-App-57x57@1x.png in Resources */ = {isa = PBXBuildFile; fileRef = 49AB94C71E669C6B0094EDAB /* Icon-App-57x57@1x.png */; };
		49AB94EE1E669C6B0094EDAB /* Icon-App-57x57@2x.png in Resources */ = {isa = PBXBuildFile; fileRef = 49AB94C81E669C6B0094EDAB /* Icon-App-57x57@2x.png */; };
		49AB94EF1E669C6B0094EDAB /* Icon-App-60x60@1x.png in Resources */ = {isa = PBXBuildFile; fileRef = 49AB94C91E669C6B0094EDAB /* Icon-App-60x60@1x.png */; };
		49AB94F01E669C6B0094EDAB /* Icon-App-60x60@2x.png in Resources */ = {isa = PBXBuildFile; fileRef = 49AB94CA1E669C6B0094EDAB /* Icon-App-60x60@2x.png */; };
		49AB94F11E669C6B0094EDAB /* Icon-App-60x60@3x.png in Resources */ = {isa = PBXBuildFile; fileRef = 49AB94CB1E669C6B0094EDAB /* Icon-App-60x60@3x.png */; };
		49AB94F21E669C6B0094EDAB /* Icon-App-72x72@1x.png in Resources */ = {isa = PBXBuildFile; fileRef = 49AB94CC1E669C6B0094EDAB /* Icon-App-72x72@1x.png */; };
		49AB94F31E669C6B0094EDAB /* Icon-App-72x72@2x.png in Resources */ = {isa = PBXBuildFile; fileRef = 49AB94CD1E669C6B0094EDAB /* Icon-App-72x72@2x.png */; };
		49AB94F41E669C6B0094EDAB /* Icon-App-76x76@1x.png in Resources */ = {isa = PBXBuildFile; fileRef = 49AB94CE1E669C6B0094EDAB /* Icon-App-76x76@1x.png */; };
		49AB94F51E669C6B0094EDAB /* Icon-App-76x76@2x.png in Resources */ = {isa = PBXBuildFile; fileRef = 49AB94CF1E669C6B0094EDAB /* Icon-App-76x76@2x.png */; };
		49AB94F61E669C6B0094EDAB /* Icon-App-76x76@3x.png in Resources */ = {isa = PBXBuildFile; fileRef = 49AB94D01E669C6B0094EDAB /* Icon-App-76x76@3x.png */; };
		49AB94F71E669C6B0094EDAB /* Icon-App-83.5x83.5@2x.png in Resources */ = {isa = PBXBuildFile; fileRef = 49AB94D11E669C6B0094EDAB /* Icon-App-83.5x83.5@2x.png */; };
		49AB94F81E669C6B0094EDAB /* Icon-Small-50x50@1x.png in Resources */ = {isa = PBXBuildFile; fileRef = 49AB94D21E669C6B0094EDAB /* Icon-Small-50x50@1x.png */; };
		49AB94F91E669C6B0094EDAB /* Icon-Small-50x50@2x.png in Resources */ = {isa = PBXBuildFile; fileRef = 49AB94D31E669C6B0094EDAB /* Icon-Small-50x50@2x.png */; };
		49AB94FA1E669C6B0094EDAB /* iTunesArtwork@1x.png in Resources */ = {isa = PBXBuildFile; fileRef = 49AB94D41E669C6B0094EDAB /* iTunesArtwork@1x.png */; };
		49AB94FB1E669C6B0094EDAB /* iTunesArtwork@2x.png in Resources */ = {isa = PBXBuildFile; fileRef = 49AB94D51E669C6B0094EDAB /* iTunesArtwork@2x.png */; };
		49AB94FC1E669C6B0094EDAB /* iTunesArtwork@3x.png in Resources */ = {isa = PBXBuildFile; fileRef = 49AB94D61E669C6B0094EDAB /* iTunesArtwork@3x.png */; };
		49AB94FD1E669C6B0094EDAB /* README.md in Sources */ = {isa = PBXBuildFile; fileRef = 49AB94D71E669C6B0094EDAB /* README.md */; };
		49AB94FE1E669C6B0094EDAB /* Contents.json in Resources */ = {isa = PBXBuildFile; fileRef = 49AB94DA1E669C6B0094EDAB /* Contents.json */; };
		49AB94FF1E669C6B0094EDAB /* Icon-24@2x.png in Resources */ = {isa = PBXBuildFile; fileRef = 49AB94DB1E669C6B0094EDAB /* Icon-24@2x.png */; };
		49AB95001E669C6B0094EDAB /* Icon-27.5@2x.png in Resources */ = {isa = PBXBuildFile; fileRef = 49AB94DC1E669C6B0094EDAB /* Icon-27.5@2x.png */; };
		49AB95011E669C6B0094EDAB /* Icon-29@2x.png in Resources */ = {isa = PBXBuildFile; fileRef = 49AB94DD1E669C6B0094EDAB /* Icon-29@2x.png */; };
		49AB95021E669C6B0094EDAB /* Icon-29@3x.png in Resources */ = {isa = PBXBuildFile; fileRef = 49AB94DE1E669C6B0094EDAB /* Icon-29@3x.png */; };
		49AB95031E669C6B0094EDAB /* Icon-40@2x.png in Resources */ = {isa = PBXBuildFile; fileRef = 49AB94DF1E669C6B0094EDAB /* Icon-40@2x.png */; };
		49AB95041E669C6B0094EDAB /* Icon-44@2x.png in Resources */ = {isa = PBXBuildFile; fileRef = 49AB94E01E669C6B0094EDAB /* Icon-44@2x.png */; };
		49AB95051E669C6B0094EDAB /* Icon-86@2x.png in Resources */ = {isa = PBXBuildFile; fileRef = 49AB94E11E669C6B0094EDAB /* Icon-86@2x.png */; };
		49AB95061E669C6B0094EDAB /* Icon-98@2x.png in Resources */ = {isa = PBXBuildFile; fileRef = 49AB94E21E669C6B0094EDAB /* Icon-98@2x.png */; };
		49C527441ED6327A002C938A /* GetWeather.swift in Sources */ = {isa = PBXBuildFile; fileRef = 49C527431ED6327A002C938A /* GetWeather.swift */; };
		49C527471ED633D9002C938A /* TownObject.swift in Sources */ = {isa = PBXBuildFile; fileRef = 49C527461ED633D9002C938A /* TownObject.swift */; };
		49C527491ED77D97002C938A /* windy.png in Resources */ = {isa = PBXBuildFile; fileRef = 49C527481ED77D97002C938A /* windy.png */; };
		49CB8EC31E671A66008A266C /* Info Filled-38.png in Resources */ = {isa = PBXBuildFile; fileRef = 49CB8EC21E671A66008A266C /* Info Filled-38.png */; };
		49CB8EC51E671A87008A266C /* Lock Filled-38.png in Resources */ = {isa = PBXBuildFile; fileRef = 49CB8EC41E671A87008A266C /* Lock Filled-38.png */; };
		49CB8EC71E671B10008A266C /* Approval Filled-38.png in Resources */ = {isa = PBXBuildFile; fileRef = 49CB8EC61E671B10008A266C /* Approval Filled-38.png */; };
		49CB8EC91E671C08008A266C /* New Post Filled-38.png in Resources */ = {isa = PBXBuildFile; fileRef = 49CB8EC81E671C08008A266C /* New Post Filled-38.png */; };
		49CEB6991E6DD3DA007F0B70 /* RetrieveMapInfo.swift in Sources */ = {isa = PBXBuildFile; fileRef = 49CEB6981E6DD3DA007F0B70 /* RetrieveMapInfo.swift */; };
		49DDBFD81EE0D172009BC505 /* cloud toolbar.png in Resources */ = {isa = PBXBuildFile; fileRef = 49DDBFD71EE0D172009BC505 /* cloud toolbar.png */; };
		49EB7E401F987A140045FAFC /* AirshipConfig.plist in Resources */ = {isa = PBXBuildFile; fileRef = 49EB7E3F1F987A140045FAFC /* AirshipConfig.plist */; };
		49EF4D951E651593006763A9 /* clock.png in Resources */ = {isa = PBXBuildFile; fileRef = 49EF4D731E651593006763A9 /* clock.png */; };
		49EF4D961E651593006763A9 /* clock@2x.png in Resources */ = {isa = PBXBuildFile; fileRef = 49EF4D741E651593006763A9 /* clock@2x.png */; };
		49EF4D971E651593006763A9 /* clockFilled.png in Resources */ = {isa = PBXBuildFile; fileRef = 49EF4D751E651593006763A9 /* clockFilled.png */; };
		49EF4D981E651593006763A9 /* clockFilled@2x.png in Resources */ = {isa = PBXBuildFile; fileRef = 49EF4D761E651593006763A9 /* clockFilled@2x.png */; };
		49EF4D991E651593006763A9 /* compare.png in Resources */ = {isa = PBXBuildFile; fileRef = 49EF4D771E651593006763A9 /* compare.png */; };
		49EF4D9A1E651593006763A9 /* exit.png in Resources */ = {isa = PBXBuildFile; fileRef = 49EF4D781E651593006763A9 /* exit.png */; };
		49EF4D9D1E651593006763A9 /* Info Filled-25.png in Resources */ = {isa = PBXBuildFile; fileRef = 49EF4D7B1E651593006763A9 /* Info Filled-25.png */; };
		49EF4D9E1E651593006763A9 /* info.png in Resources */ = {isa = PBXBuildFile; fileRef = 49EF4D7C1E651593006763A9 /* info.png */; };
		49EF4DA61E651593006763A9 /* lock.png in Resources */ = {isa = PBXBuildFile; fileRef = 49EF4D861E651593006763A9 /* lock.png */; };
		49EF4DA71E651593006763A9 /* Map Filled-50.png in Resources */ = {isa = PBXBuildFile; fileRef = 49EF4D871E651593006763A9 /* Map Filled-50.png */; };
		49EF4DA81E651593006763A9 /* Map-48.png in Resources */ = {isa = PBXBuildFile; fileRef = 49EF4D881E651593006763A9 /* Map-48.png */; };
		49EF4DA91E651593006763A9 /* notification.png in Resources */ = {isa = PBXBuildFile; fileRef = 49EF4D891E651593006763A9 /* notification.png */; };
		49EF4DAA1E651593006763A9 /* safari.png in Resources */ = {isa = PBXBuildFile; fileRef = 49EF4D8A1E651593006763A9 /* safari.png */; };
		49EF4DAB1E651593006763A9 /* school.png in Resources */ = {isa = PBXBuildFile; fileRef = 49EF4D8B1E651593006763A9 /* school.png */; };
		49EF4DAC1E651593006763A9 /* schoolFilled.png in Resources */ = {isa = PBXBuildFile; fileRef = 49EF4D8C1E651593006763A9 /* schoolFilled.png */; };
		49EF4DAD1E651593006763A9 /* schoolFilled@2x.png in Resources */ = {isa = PBXBuildFile; fileRef = 49EF4D8D1E651593006763A9 /* schoolFilled@2x.png */; };
		49EF4DAF1E651593006763A9 /* Settings Filled-50.png in Resources */ = {isa = PBXBuildFile; fileRef = 49EF4D8F1E651593006763A9 /* Settings Filled-50.png */; };
		49EF4DB01E651593006763A9 /* Settings-50.png in Resources */ = {isa = PBXBuildFile; fileRef = 49EF4D901E651593006763A9 /* Settings-50.png */; };
		49EF4DB11E651593006763A9 /* users.png in Resources */ = {isa = PBXBuildFile; fileRef = 49EF4D911E651593006763A9 /* users.png */; };
		49EF4DB21E651593006763A9 /* users@2x.png in Resources */ = {isa = PBXBuildFile; fileRef = 49EF4D921E651593006763A9 /* users@2x.png */; };
		49F5347D1E67F4F2009DDFF1 /* Marker Filled-40.png in Resources */ = {isa = PBXBuildFile; fileRef = 49F5347C1E67F4F2009DDFF1 /* Marker Filled-40.png */; };
		49F66DD51E576B8000F4168D /* AppDelegate.swift in Sources */ = {isa = PBXBuildFile; fileRef = 49F66DD41E576B8000F4168D /* AppDelegate.swift */; };
		49F66DD71E576B8000F4168D /* MapViewController.swift in Sources */ = {isa = PBXBuildFile; fileRef = 49F66DD61E576B8000F4168D /* MapViewController.swift */; };
		49F66DD91E576B8000F4168D /* DefaultViewController.swift in Sources */ = {isa = PBXBuildFile; fileRef = 49F66DD81E576B8000F4168D /* DefaultViewController.swift */; };
		49F66DDC1E576B8000F4168D /* Main.storyboard in Resources */ = {isa = PBXBuildFile; fileRef = 49F66DDA1E576B8000F4168D /* Main.storyboard */; };
		49F66DDE1E576B8000F4168D /* Assets.xcassets in Resources */ = {isa = PBXBuildFile; fileRef = 49F66DDD1E576B8000F4168D /* Assets.xcassets */; };
		49F66DE11E576B8000F4168D /* LaunchScreen.storyboard in Resources */ = {isa = PBXBuildFile; fileRef = 49F66DDF1E576B8000F4168D /* LaunchScreen.storyboard */; };
		49F803B71F8592FC00463D30 /* SchoolClosingsViewController.swift in Sources */ = {isa = PBXBuildFile; fileRef = 49F803B61F8592FC00463D30 /* SchoolClosingsViewController.swift */; };
		49FEB8971F7AC96100DC05D2 /* InfoViewController.swift in Sources */ = {isa = PBXBuildFile; fileRef = 49FEB8961F7AC96100DC05D2 /* InfoViewController.swift */; };
		49FF61591ED3A44D0037D246 /* CustomCell.swift in Sources */ = {isa = PBXBuildFile; fileRef = 49FF61581ED3A44D0037D246 /* CustomCell.swift */; };
/* End PBXBuildFile section */

/* Begin PBXFileReference section */
		3613791A1F96C58E0018490C /* WeatherCell.swift */ = {isa = PBXFileReference; lastKnownFileType = sourcecode.swift; path = WeatherCell.swift; sourceTree = "<group>"; };
		3613791C1F96C5E90018490C /* WeatherCollectionView.swift */ = {isa = PBXFileReference; lastKnownFileType = sourcecode.swift; path = WeatherCollectionView.swift; sourceTree = "<group>"; };
		491D57631EE61EE40027F11C /* SetSchoolViewController.swift */ = {isa = PBXFileReference; fileEncoding = 4; lastKnownFileType = sourcecode.swift; path = SetSchoolViewController.swift; sourceTree = "<group>"; };
		491D57651EE61F2A0027F11C /* TownCellTableViewCell.swift */ = {isa = PBXFileReference; fileEncoding = 4; lastKnownFileType = sourcecode.swift; path = TownCellTableViewCell.swift; sourceTree = "<group>"; };
		492F087F1ED5CBB600167D05 /* UISegmentedControl.swift */ = {isa = PBXFileReference; fileEncoding = 4; lastKnownFileType = sourcecode.swift; path = UISegmentedControl.swift; sourceTree = "<group>"; };
		492F08811ED5EFFD00167D05 /* LaunchScreenViewController.swift */ = {isa = PBXFileReference; fileEncoding = 4; lastKnownFileType = sourcecode.swift; path = LaunchScreenViewController.swift; sourceTree = "<group>"; };
		493B69E01F85E6E000838AE4 /* SetSchoolFromInfoViewController.swift */ = {isa = PBXFileReference; lastKnownFileType = sourcecode.swift; path = SetSchoolFromInfoViewController.swift; sourceTree = "<group>"; };
		4940397B1ED3AA0E000F028F /* SlideMenuViewController.swift */ = {isa = PBXFileReference; fileEncoding = 4; lastKnownFileType = sourcecode.swift; path = SlideMenuViewController.swift; sourceTree = "<group>"; };
		494AE5CA1EDE5892000E1BEC /* WeatherObject.swift */ = {isa = PBXFileReference; fileEncoding = 4; lastKnownFileType = sourcecode.swift; path = WeatherObject.swift; sourceTree = "<group>"; };
		4966CAD21ED8BCC90034C251 /* cloudy.png */ = {isa = PBXFileReference; lastKnownFileType = image.png; path = cloudy.png; sourceTree = "<group>"; };
		4966CAD31ED8BCC90034C251 /* rain.png */ = {isa = PBXFileReference; lastKnownFileType = image.png; path = rain.png; sourceTree = "<group>"; };
		4966CAD41ED8BCC90034C251 /* fog.png */ = {isa = PBXFileReference; lastKnownFileType = image.png; path = fog.png; sourceTree = "<group>"; };
		4966CAD51ED8BCC90034C251 /* tornado.png */ = {isa = PBXFileReference; lastKnownFileType = image.png; path = tornado.png; sourceTree = "<group>"; };
		4966CAD61ED8BCC90034C251 /* snow.png */ = {isa = PBXFileReference; lastKnownFileType = image.png; path = snow.png; sourceTree = "<group>"; };
		4966CAD71ED8BCC90034C251 /* thunderstorm.png */ = {isa = PBXFileReference; lastKnownFileType = image.png; path = thunderstorm.png; sourceTree = "<group>"; };
		4966CAD81ED8BCC90034C251 /* partly-cloudy-day.png */ = {isa = PBXFileReference; lastKnownFileType = image.png; path = "partly-cloudy-day.png"; sourceTree = "<group>"; };
		4966CAD91ED8BCC90034C251 /* clear-day.png */ = {isa = PBXFileReference; lastKnownFileType = image.png; path = "clear-day.png"; sourceTree = "<group>"; };
		496829AE1E68CE3000D7A9AC /* fairfield county outline.png */ = {isa = PBXFileReference; lastKnownFileType = image.png; path = "fairfield county outline.png"; sourceTree = "<group>"; };
		496829B01E68DA4400D7A9AC /* Search Filled-25.png */ = {isa = PBXFileReference; lastKnownFileType = image.png; path = "Search Filled-25.png"; sourceTree = "<group>"; };
		496829B21E68E0BE00D7A9AC /* GoogleService-Info.plist */ = {isa = PBXFileReference; fileEncoding = 4; lastKnownFileType = text.plist.xml; path = "GoogleService-Info.plist"; sourceTree = "<group>"; };
		4980FFAF1F8F32010088865F /* KnowSnow.entitlements */ = {isa = PBXFileReference; lastKnownFileType = text.plist.entitlements; path = KnowSnow.entitlements; sourceTree = "<group>"; };
		49844CFC1F85D8EE003B3FFD /* darkSky2.png */ = {isa = PBXFileReference; lastKnownFileType = image.png; path = darkSky2.png; sourceTree = "<group>"; };
		498F0B521EE79DC3004D0875 /* DatePickerDialog.swift */ = {isa = PBXFileReference; fileEncoding = 4; lastKnownFileType = sourcecode.swift; path = DatePickerDialog.swift; sourceTree = "<group>"; };
		49AB94B41E66826E0094EDAB /* Calendar Filled-25.png */ = {isa = PBXFileReference; lastKnownFileType = image.png; path = "Calendar Filled-25.png"; sourceTree = "<group>"; };
		49AB94B61E6687C70094EDAB /* Appointment Reminders Filled-25.png */ = {isa = PBXFileReference; lastKnownFileType = image.png; path = "Appointment Reminders Filled-25.png"; sourceTree = "<group>"; };
		49AB94B81E668D5E0094EDAB /* Logo.png */ = {isa = PBXFileReference; lastKnownFileType = image.png; path = Logo.png; sourceTree = "<group>"; };
		49AB94BD1E669C6B0094EDAB /* Contents.json */ = {isa = PBXFileReference; fileEncoding = 4; lastKnownFileType = text.json; path = Contents.json; sourceTree = "<group>"; };
		49AB94BE1E669C6B0094EDAB /* Icon-App-20x20@1x.png */ = {isa = PBXFileReference; lastKnownFileType = image.png; path = "Icon-App-20x20@1x.png"; sourceTree = "<group>"; };
		49AB94BF1E669C6B0094EDAB /* Icon-App-20x20@2x.png */ = {isa = PBXFileReference; lastKnownFileType = image.png; path = "Icon-App-20x20@2x.png"; sourceTree = "<group>"; };
		49AB94C01E669C6B0094EDAB /* Icon-App-20x20@3x.png */ = {isa = PBXFileReference; lastKnownFileType = image.png; path = "Icon-App-20x20@3x.png"; sourceTree = "<group>"; };
		49AB94C11E669C6B0094EDAB /* Icon-App-29x29@1x.png */ = {isa = PBXFileReference; lastKnownFileType = image.png; path = "Icon-App-29x29@1x.png"; sourceTree = "<group>"; };
		49AB94C21E669C6B0094EDAB /* Icon-App-29x29@2x.png */ = {isa = PBXFileReference; lastKnownFileType = image.png; path = "Icon-App-29x29@2x.png"; sourceTree = "<group>"; };
		49AB94C31E669C6B0094EDAB /* Icon-App-29x29@3x.png */ = {isa = PBXFileReference; lastKnownFileType = image.png; path = "Icon-App-29x29@3x.png"; sourceTree = "<group>"; };
		49AB94C41E669C6B0094EDAB /* Icon-App-40x40@1x.png */ = {isa = PBXFileReference; lastKnownFileType = image.png; path = "Icon-App-40x40@1x.png"; sourceTree = "<group>"; };
		49AB94C51E669C6B0094EDAB /* Icon-App-40x40@2x.png */ = {isa = PBXFileReference; lastKnownFileType = image.png; path = "Icon-App-40x40@2x.png"; sourceTree = "<group>"; };
		49AB94C61E669C6B0094EDAB /* Icon-App-40x40@3x.png */ = {isa = PBXFileReference; lastKnownFileType = image.png; path = "Icon-App-40x40@3x.png"; sourceTree = "<group>"; };
		49AB94C71E669C6B0094EDAB /* Icon-App-57x57@1x.png */ = {isa = PBXFileReference; lastKnownFileType = image.png; path = "Icon-App-57x57@1x.png"; sourceTree = "<group>"; };
		49AB94C81E669C6B0094EDAB /* Icon-App-57x57@2x.png */ = {isa = PBXFileReference; lastKnownFileType = image.png; path = "Icon-App-57x57@2x.png"; sourceTree = "<group>"; };
		49AB94C91E669C6B0094EDAB /* Icon-App-60x60@1x.png */ = {isa = PBXFileReference; lastKnownFileType = image.png; path = "Icon-App-60x60@1x.png"; sourceTree = "<group>"; };
		49AB94CA1E669C6B0094EDAB /* Icon-App-60x60@2x.png */ = {isa = PBXFileReference; lastKnownFileType = image.png; path = "Icon-App-60x60@2x.png"; sourceTree = "<group>"; };
		49AB94CB1E669C6B0094EDAB /* Icon-App-60x60@3x.png */ = {isa = PBXFileReference; lastKnownFileType = image.png; path = "Icon-App-60x60@3x.png"; sourceTree = "<group>"; };
		49AB94CC1E669C6B0094EDAB /* Icon-App-72x72@1x.png */ = {isa = PBXFileReference; lastKnownFileType = image.png; path = "Icon-App-72x72@1x.png"; sourceTree = "<group>"; };
		49AB94CD1E669C6B0094EDAB /* Icon-App-72x72@2x.png */ = {isa = PBXFileReference; lastKnownFileType = image.png; path = "Icon-App-72x72@2x.png"; sourceTree = "<group>"; };
		49AB94CE1E669C6B0094EDAB /* Icon-App-76x76@1x.png */ = {isa = PBXFileReference; lastKnownFileType = image.png; path = "Icon-App-76x76@1x.png"; sourceTree = "<group>"; };
		49AB94CF1E669C6B0094EDAB /* Icon-App-76x76@2x.png */ = {isa = PBXFileReference; lastKnownFileType = image.png; path = "Icon-App-76x76@2x.png"; sourceTree = "<group>"; };
		49AB94D01E669C6B0094EDAB /* Icon-App-76x76@3x.png */ = {isa = PBXFileReference; lastKnownFileType = image.png; path = "Icon-App-76x76@3x.png"; sourceTree = "<group>"; };
		49AB94D11E669C6B0094EDAB /* Icon-App-83.5x83.5@2x.png */ = {isa = PBXFileReference; lastKnownFileType = image.png; path = "Icon-App-83.5x83.5@2x.png"; sourceTree = "<group>"; };
		49AB94D21E669C6B0094EDAB /* Icon-Small-50x50@1x.png */ = {isa = PBXFileReference; lastKnownFileType = image.png; path = "Icon-Small-50x50@1x.png"; sourceTree = "<group>"; };
		49AB94D31E669C6B0094EDAB /* Icon-Small-50x50@2x.png */ = {isa = PBXFileReference; lastKnownFileType = image.png; path = "Icon-Small-50x50@2x.png"; sourceTree = "<group>"; };
		49AB94D41E669C6B0094EDAB /* iTunesArtwork@1x.png */ = {isa = PBXFileReference; lastKnownFileType = image.png; path = "iTunesArtwork@1x.png"; sourceTree = "<group>"; };
		49AB94D51E669C6B0094EDAB /* iTunesArtwork@2x.png */ = {isa = PBXFileReference; lastKnownFileType = image.png; path = "iTunesArtwork@2x.png"; sourceTree = "<group>"; };
		49AB94D61E669C6B0094EDAB /* iTunesArtwork@3x.png */ = {isa = PBXFileReference; lastKnownFileType = image.png; path = "iTunesArtwork@3x.png"; sourceTree = "<group>"; };
		49AB94D71E669C6B0094EDAB /* README.md */ = {isa = PBXFileReference; fileEncoding = 4; lastKnownFileType = net.daringfireball.markdown; path = README.md; sourceTree = "<group>"; };
		49AB94DA1E669C6B0094EDAB /* Contents.json */ = {isa = PBXFileReference; fileEncoding = 4; lastKnownFileType = text.json; path = Contents.json; sourceTree = "<group>"; };
		49AB94DB1E669C6B0094EDAB /* Icon-24@2x.png */ = {isa = PBXFileReference; lastKnownFileType = image.png; path = "Icon-24@2x.png"; sourceTree = "<group>"; };
		49AB94DC1E669C6B0094EDAB /* Icon-27.5@2x.png */ = {isa = PBXFileReference; lastKnownFileType = image.png; path = "Icon-27.5@2x.png"; sourceTree = "<group>"; };
		49AB94DD1E669C6B0094EDAB /* Icon-29@2x.png */ = {isa = PBXFileReference; lastKnownFileType = image.png; path = "Icon-29@2x.png"; sourceTree = "<group>"; };
		49AB94DE1E669C6B0094EDAB /* Icon-29@3x.png */ = {isa = PBXFileReference; lastKnownFileType = image.png; path = "Icon-29@3x.png"; sourceTree = "<group>"; };
		49AB94DF1E669C6B0094EDAB /* Icon-40@2x.png */ = {isa = PBXFileReference; lastKnownFileType = image.png; path = "Icon-40@2x.png"; sourceTree = "<group>"; };
		49AB94E01E669C6B0094EDAB /* Icon-44@2x.png */ = {isa = PBXFileReference; lastKnownFileType = image.png; path = "Icon-44@2x.png"; sourceTree = "<group>"; };
		49AB94E11E669C6B0094EDAB /* Icon-86@2x.png */ = {isa = PBXFileReference; lastKnownFileType = image.png; path = "Icon-86@2x.png"; sourceTree = "<group>"; };
		49AB94E21E669C6B0094EDAB /* Icon-98@2x.png */ = {isa = PBXFileReference; lastKnownFileType = image.png; path = "Icon-98@2x.png"; sourceTree = "<group>"; };
		49C527431ED6327A002C938A /* GetWeather.swift */ = {isa = PBXFileReference; fileEncoding = 4; lastKnownFileType = sourcecode.swift; path = GetWeather.swift; sourceTree = "<group>"; };
		49C527461ED633D9002C938A /* TownObject.swift */ = {isa = PBXFileReference; fileEncoding = 4; lastKnownFileType = sourcecode.swift; path = TownObject.swift; sourceTree = "<group>"; };
		49C527481ED77D97002C938A /* windy.png */ = {isa = PBXFileReference; lastKnownFileType = image.png; path = windy.png; sourceTree = "<group>"; };
		49CB8EC21E671A66008A266C /* Info Filled-38.png */ = {isa = PBXFileReference; lastKnownFileType = image.png; path = "Info Filled-38.png"; sourceTree = "<group>"; };
		49CB8EC41E671A87008A266C /* Lock Filled-38.png */ = {isa = PBXFileReference; lastKnownFileType = image.png; path = "Lock Filled-38.png"; sourceTree = "<group>"; };
		49CB8EC61E671B10008A266C /* Approval Filled-38.png */ = {isa = PBXFileReference; lastKnownFileType = image.png; path = "Approval Filled-38.png"; sourceTree = "<group>"; };
		49CB8EC81E671C08008A266C /* New Post Filled-38.png */ = {isa = PBXFileReference; lastKnownFileType = image.png; path = "New Post Filled-38.png"; sourceTree = "<group>"; };
		49CEB6981E6DD3DA007F0B70 /* RetrieveMapInfo.swift */ = {isa = PBXFileReference; fileEncoding = 4; lastKnownFileType = sourcecode.swift; path = RetrieveMapInfo.swift; sourceTree = "<group>"; };
		49DDBFD71EE0D172009BC505 /* cloud toolbar.png */ = {isa = PBXFileReference; lastKnownFileType = image.png; path = "cloud toolbar.png"; sourceTree = "<group>"; };
		49E31D5F1F85BD1200B6A7F5 /* icons8-Cloud Filled-50.png */ = {isa = PBXFileReference; lastKnownFileType = image.png; path = "icons8-Cloud Filled-50.png"; sourceTree = "<group>"; };
		49EB7E3F1F987A140045FAFC /* AirshipConfig.plist */ = {isa = PBXFileReference; lastKnownFileType = text.plist.xml; path = AirshipConfig.plist; sourceTree = "<group>"; };
		49EF4D731E651593006763A9 /* clock.png */ = {isa = PBXFileReference; lastKnownFileType = image.png; path = clock.png; sourceTree = "<group>"; };
		49EF4D741E651593006763A9 /* clock@2x.png */ = {isa = PBXFileReference; lastKnownFileType = image.png; path = "clock@2x.png"; sourceTree = "<group>"; };
		49EF4D751E651593006763A9 /* clockFilled.png */ = {isa = PBXFileReference; lastKnownFileType = image.png; path = clockFilled.png; sourceTree = "<group>"; };
		49EF4D761E651593006763A9 /* clockFilled@2x.png */ = {isa = PBXFileReference; lastKnownFileType = image.png; path = "clockFilled@2x.png"; sourceTree = "<group>"; };
		49EF4D771E651593006763A9 /* compare.png */ = {isa = PBXFileReference; lastKnownFileType = image.png; path = compare.png; sourceTree = "<group>"; };
		49EF4D781E651593006763A9 /* exit.png */ = {isa = PBXFileReference; lastKnownFileType = image.png; path = exit.png; sourceTree = "<group>"; };
		49EF4D7B1E651593006763A9 /* Info Filled-25.png */ = {isa = PBXFileReference; lastKnownFileType = image.png; path = "Info Filled-25.png"; sourceTree = "<group>"; };
		49EF4D7C1E651593006763A9 /* info.png */ = {isa = PBXFileReference; lastKnownFileType = image.png; path = info.png; sourceTree = "<group>"; };
		49EF4D861E651593006763A9 /* lock.png */ = {isa = PBXFileReference; lastKnownFileType = image.png; path = lock.png; sourceTree = "<group>"; };
		49EF4D871E651593006763A9 /* Map Filled-50.png */ = {isa = PBXFileReference; lastKnownFileType = image.png; path = "Map Filled-50.png"; sourceTree = "<group>"; };
		49EF4D881E651593006763A9 /* Map-48.png */ = {isa = PBXFileReference; lastKnownFileType = image.png; path = "Map-48.png"; sourceTree = "<group>"; };
		49EF4D891E651593006763A9 /* notification.png */ = {isa = PBXFileReference; lastKnownFileType = image.png; path = notification.png; sourceTree = "<group>"; };
		49EF4D8A1E651593006763A9 /* safari.png */ = {isa = PBXFileReference; lastKnownFileType = image.png; path = safari.png; sourceTree = "<group>"; };
		49EF4D8B1E651593006763A9 /* school.png */ = {isa = PBXFileReference; lastKnownFileType = image.png; path = school.png; sourceTree = "<group>"; };
		49EF4D8C1E651593006763A9 /* schoolFilled.png */ = {isa = PBXFileReference; lastKnownFileType = image.png; path = schoolFilled.png; sourceTree = "<group>"; };
		49EF4D8D1E651593006763A9 /* schoolFilled@2x.png */ = {isa = PBXFileReference; lastKnownFileType = image.png; path = "schoolFilled@2x.png"; sourceTree = "<group>"; };
		49EF4D8F1E651593006763A9 /* Settings Filled-50.png */ = {isa = PBXFileReference; lastKnownFileType = image.png; path = "Settings Filled-50.png"; sourceTree = "<group>"; };
		49EF4D901E651593006763A9 /* Settings-50.png */ = {isa = PBXFileReference; lastKnownFileType = image.png; path = "Settings-50.png"; sourceTree = "<group>"; };
		49EF4D911E651593006763A9 /* users.png */ = {isa = PBXFileReference; lastKnownFileType = image.png; path = users.png; sourceTree = "<group>"; };
		49EF4D921E651593006763A9 /* users@2x.png */ = {isa = PBXFileReference; lastKnownFileType = image.png; path = "users@2x.png"; sourceTree = "<group>"; };
		49F5347C1E67F4F2009DDFF1 /* Marker Filled-40.png */ = {isa = PBXFileReference; lastKnownFileType = image.png; path = "Marker Filled-40.png"; sourceTree = "<group>"; };
		49F66DD11E576B8000F4168D /* KnowSnow.app */ = {isa = PBXFileReference; explicitFileType = wrapper.application; includeInIndex = 0; path = KnowSnow.app; sourceTree = BUILT_PRODUCTS_DIR; };
		49F66DD41E576B8000F4168D /* AppDelegate.swift */ = {isa = PBXFileReference; lastKnownFileType = sourcecode.swift; path = AppDelegate.swift; sourceTree = "<group>"; wrapsLines = 0; };
		49F66DD61E576B8000F4168D /* MapViewController.swift */ = {isa = PBXFileReference; lastKnownFileType = sourcecode.swift; path = MapViewController.swift; sourceTree = "<group>"; };
		49F66DD81E576B8000F4168D /* DefaultViewController.swift */ = {isa = PBXFileReference; lastKnownFileType = sourcecode.swift; path = DefaultViewController.swift; sourceTree = "<group>"; };
		49F66DDB1E576B8000F4168D /* Base */ = {isa = PBXFileReference; lastKnownFileType = file.storyboard; name = Base; path = Base.lproj/Main.storyboard; sourceTree = "<group>"; };
		49F66DDD1E576B8000F4168D /* Assets.xcassets */ = {isa = PBXFileReference; lastKnownFileType = folder.assetcatalog; path = Assets.xcassets; sourceTree = "<group>"; };
		49F66DE01E576B8000F4168D /* Base */ = {isa = PBXFileReference; lastKnownFileType = file.storyboard; name = Base; path = Base.lproj/LaunchScreen.storyboard; sourceTree = "<group>"; };
		49F66DE21E576B8000F4168D /* Info.plist */ = {isa = PBXFileReference; lastKnownFileType = text.plist.xml; path = Info.plist; sourceTree = "<group>"; };
		49F803B61F8592FC00463D30 /* SchoolClosingsViewController.swift */ = {isa = PBXFileReference; lastKnownFileType = sourcecode.swift; path = SchoolClosingsViewController.swift; sourceTree = "<group>"; };
		49FEB8961F7AC96100DC05D2 /* InfoViewController.swift */ = {isa = PBXFileReference; lastKnownFileType = sourcecode.swift; path = InfoViewController.swift; sourceTree = "<group>"; };
		49FF61581ED3A44D0037D246 /* CustomCell.swift */ = {isa = PBXFileReference; fileEncoding = 4; lastKnownFileType = sourcecode.swift; path = CustomCell.swift; sourceTree = "<group>"; };
		4C82FC58E25917960D8884C7 /* Pods-KnowSnow.debug.xcconfig */ = {isa = PBXFileReference; includeInIndex = 1; lastKnownFileType = text.xcconfig; name = "Pods-KnowSnow.debug.xcconfig"; path = "Pods/Target Support Files/Pods-KnowSnow/Pods-KnowSnow.debug.xcconfig"; sourceTree = "<group>"; };
		633838DEB853F270504F21A4 /* Pods_KnowSnow.framework */ = {isa = PBXFileReference; explicitFileType = wrapper.framework; includeInIndex = 0; path = Pods_KnowSnow.framework; sourceTree = BUILT_PRODUCTS_DIR; };
		FA4D4E7734F376BC58FEDA2E /* Pods-KnowSnow.release.xcconfig */ = {isa = PBXFileReference; includeInIndex = 1; lastKnownFileType = text.xcconfig; name = "Pods-KnowSnow.release.xcconfig"; path = "Pods/Target Support Files/Pods-KnowSnow/Pods-KnowSnow.release.xcconfig"; sourceTree = "<group>"; };
/* End PBXFileReference section */

/* Begin PBXFrameworksBuildPhase section */
		49F66DCE1E576B8000F4168D /* Frameworks */ = {
			isa = PBXFrameworksBuildPhase;
			buildActionMask = 2147483647;
			files = (
				2DE07E44B2B1CA759E702364 /* Pods_KnowSnow.framework in Frameworks */,
			);
			runOnlyForDeploymentPostprocessing = 0;
		};
/* End PBXFrameworksBuildPhase section */

/* Begin PBXGroup section */
		2BC44F8659119E37AFD3DFE2 /* Frameworks */ = {
			isa = PBXGroup;
			children = (
				633838DEB853F270504F21A4 /* Pods_KnowSnow.framework */,
			);
			name = Frameworks;
			sourceTree = "<group>";
		};
		49AB94BA1E669C6B0094EDAB /* AppIcons */ = {
			isa = PBXGroup;
			children = (
				49AB94BB1E669C6B0094EDAB /* ios */,
				49AB94D81E669C6B0094EDAB /* watchkit */,
			);
			path = AppIcons;
			sourceTree = "<group>";
		};
		49AB94BB1E669C6B0094EDAB /* ios */ = {
			isa = PBXGroup;
			children = (
				49AB94BC1E669C6B0094EDAB /* AppIcon.appiconset */,
				49AB94D41E669C6B0094EDAB /* iTunesArtwork@1x.png */,
				49AB94D51E669C6B0094EDAB /* iTunesArtwork@2x.png */,
				49AB94D61E669C6B0094EDAB /* iTunesArtwork@3x.png */,
				49AB94D71E669C6B0094EDAB /* README.md */,
			);
			path = ios;
			sourceTree = "<group>";
		};
		49AB94BC1E669C6B0094EDAB /* AppIcon.appiconset */ = {
			isa = PBXGroup;
			children = (
				49AB94BD1E669C6B0094EDAB /* Contents.json */,
				49AB94BE1E669C6B0094EDAB /* Icon-App-20x20@1x.png */,
				49AB94BF1E669C6B0094EDAB /* Icon-App-20x20@2x.png */,
				49AB94C01E669C6B0094EDAB /* Icon-App-20x20@3x.png */,
				49AB94C11E669C6B0094EDAB /* Icon-App-29x29@1x.png */,
				49AB94C21E669C6B0094EDAB /* Icon-App-29x29@2x.png */,
				49AB94C31E669C6B0094EDAB /* Icon-App-29x29@3x.png */,
				49AB94C41E669C6B0094EDAB /* Icon-App-40x40@1x.png */,
				49AB94C51E669C6B0094EDAB /* Icon-App-40x40@2x.png */,
				49AB94C61E669C6B0094EDAB /* Icon-App-40x40@3x.png */,
				49AB94C71E669C6B0094EDAB /* Icon-App-57x57@1x.png */,
				49AB94C81E669C6B0094EDAB /* Icon-App-57x57@2x.png */,
				49AB94C91E669C6B0094EDAB /* Icon-App-60x60@1x.png */,
				49AB94CA1E669C6B0094EDAB /* Icon-App-60x60@2x.png */,
				49AB94CB1E669C6B0094EDAB /* Icon-App-60x60@3x.png */,
				49AB94CC1E669C6B0094EDAB /* Icon-App-72x72@1x.png */,
				49AB94CD1E669C6B0094EDAB /* Icon-App-72x72@2x.png */,
				49AB94CE1E669C6B0094EDAB /* Icon-App-76x76@1x.png */,
				49AB94CF1E669C6B0094EDAB /* Icon-App-76x76@2x.png */,
				49AB94D01E669C6B0094EDAB /* Icon-App-76x76@3x.png */,
				49AB94D11E669C6B0094EDAB /* Icon-App-83.5x83.5@2x.png */,
				49AB94D21E669C6B0094EDAB /* Icon-Small-50x50@1x.png */,
				49AB94D31E669C6B0094EDAB /* Icon-Small-50x50@2x.png */,
			);
			path = AppIcon.appiconset;
			sourceTree = "<group>";
		};
		49AB94D81E669C6B0094EDAB /* watchkit */ = {
			isa = PBXGroup;
			children = (
				49AB94D91E669C6B0094EDAB /* AppIcon.appiconset */,
			);
			path = watchkit;
			sourceTree = "<group>";
		};
		49AB94D91E669C6B0094EDAB /* AppIcon.appiconset */ = {
			isa = PBXGroup;
			children = (
				49AB94DA1E669C6B0094EDAB /* Contents.json */,
				49AB94DB1E669C6B0094EDAB /* Icon-24@2x.png */,
				49AB94DC1E669C6B0094EDAB /* Icon-27.5@2x.png */,
				49AB94DD1E669C6B0094EDAB /* Icon-29@2x.png */,
				49AB94DE1E669C6B0094EDAB /* Icon-29@3x.png */,
				49AB94DF1E669C6B0094EDAB /* Icon-40@2x.png */,
				49AB94E01E669C6B0094EDAB /* Icon-44@2x.png */,
				49AB94E11E669C6B0094EDAB /* Icon-86@2x.png */,
				49AB94E21E669C6B0094EDAB /* Icon-98@2x.png */,
			);
			path = AppIcon.appiconset;
			sourceTree = "<group>";
		};
		49C527451ED633CA002C938A /* Objects */ = {
			isa = PBXGroup;
			children = (
				49C527461ED633D9002C938A /* TownObject.swift */,
				494AE5CA1EDE5892000E1BEC /* WeatherObject.swift */,
			);
			name = Objects;
			sourceTree = "<group>";
		};
		49C9473D1E68E29500CD65FD /* View Controllers */ = {
			isa = PBXGroup;
			children = (
				49F66DD81E576B8000F4168D /* DefaultViewController.swift */,
				49F66DD61E576B8000F4168D /* MapViewController.swift */,
				4940397B1ED3AA0E000F028F /* SlideMenuViewController.swift */,
				492F08811ED5EFFD00167D05 /* LaunchScreenViewController.swift */,
				491D57631EE61EE40027F11C /* SetSchoolViewController.swift */,
				49FEB8961F7AC96100DC05D2 /* InfoViewController.swift */,
				49F803B61F8592FC00463D30 /* SchoolClosingsViewController.swift */,
				493B69E01F85E6E000838AE4 /* SetSchoolFromInfoViewController.swift */,
			);
			name = "View Controllers";
			sourceTree = "<group>";
		};
		49C9473E1E68E2DC00CD65FD /* Networking */ = {
			isa = PBXGroup;
			children = (
				49CEB6981E6DD3DA007F0B70 /* RetrieveMapInfo.swift */,
				49C527431ED6327A002C938A /* GetWeather.swift */,
			);
			name = Networking;
			sourceTree = "<group>";
		};
		49C947401E68E33A00CD65FD /* Views */ = {
			isa = PBXGroup;
			children = (
				49FF61581ED3A44D0037D246 /* CustomCell.swift */,
				49F66DDA1E576B8000F4168D /* Main.storyboard */,
				49F66DDF1E576B8000F4168D /* LaunchScreen.storyboard */,
				492F087F1ED5CBB600167D05 /* UISegmentedControl.swift */,
				491D57651EE61F2A0027F11C /* TownCellTableViewCell.swift */,
				3613791A1F96C58E0018490C /* WeatherCell.swift */,
				3613791C1F96C5E90018490C /* WeatherCollectionView.swift */,
				498F0B521EE79DC3004D0875 /* DatePickerDialog.swift */,
			);
			name = Views;
			sourceTree = "<group>";
		};
		49EF4D721E651593006763A9 /* Graphics */ = {
			isa = PBXGroup;
			children = (
				4966CAD21ED8BCC90034C251 /* cloudy.png */,
				4966CAD31ED8BCC90034C251 /* rain.png */,
				49844CFC1F85D8EE003B3FFD /* darkSky2.png */,
				4966CAD41ED8BCC90034C251 /* fog.png */,
				4966CAD51ED8BCC90034C251 /* tornado.png */,
				4966CAD61ED8BCC90034C251 /* snow.png */,
				4966CAD71ED8BCC90034C251 /* thunderstorm.png */,
				49E31D5F1F85BD1200B6A7F5 /* icons8-Cloud Filled-50.png */,
				49DDBFD71EE0D172009BC505 /* cloud toolbar.png */,
				4966CAD81ED8BCC90034C251 /* partly-cloudy-day.png */,
				4966CAD91ED8BCC90034C251 /* clear-day.png */,
				49AB94BA1E669C6B0094EDAB /* AppIcons */,
				49EF4D731E651593006763A9 /* clock.png */,
				49EF4D741E651593006763A9 /* clock@2x.png */,
				49AB94B81E668D5E0094EDAB /* Logo.png */,
				49EF4D751E651593006763A9 /* clockFilled.png */,
				49EF4D761E651593006763A9 /* clockFilled@2x.png */,
				49EF4D771E651593006763A9 /* compare.png */,
				49AB94B41E66826E0094EDAB /* Calendar Filled-25.png */,
				49AB94B61E6687C70094EDAB /* Appointment Reminders Filled-25.png */,
				49EF4D781E651593006763A9 /* exit.png */,
				49CB8EC21E671A66008A266C /* Info Filled-38.png */,
				49EF4D7B1E651593006763A9 /* Info Filled-25.png */,
				49C527481ED77D97002C938A /* windy.png */,
				49CB8EC61E671B10008A266C /* Approval Filled-38.png */,
				49EF4D7C1E651593006763A9 /* info.png */,
				49F5347C1E67F4F2009DDFF1 /* Marker Filled-40.png */,
				496829B01E68DA4400D7A9AC /* Search Filled-25.png */,
				49EF4D861E651593006763A9 /* lock.png */,
				49CB8EC41E671A87008A266C /* Lock Filled-38.png */,
				49EF4D871E651593006763A9 /* Map Filled-50.png */,
				49EF4D881E651593006763A9 /* Map-48.png */,
				49EF4D891E651593006763A9 /* notification.png */,
				49CB8EC81E671C08008A266C /* New Post Filled-38.png */,
				49EF4D8A1E651593006763A9 /* safari.png */,
				49EF4D8B1E651593006763A9 /* school.png */,
				49EF4D8C1E651593006763A9 /* schoolFilled.png */,
				49EF4D8D1E651593006763A9 /* schoolFilled@2x.png */,
				496829AE1E68CE3000D7A9AC /* fairfield county outline.png */,
				49EF4D8F1E651593006763A9 /* Settings Filled-50.png */,
				49EF4D901E651593006763A9 /* Settings-50.png */,
				49EF4D911E651593006763A9 /* users.png */,
				49EF4D921E651593006763A9 /* users@2x.png */,
			);
			path = Graphics;
			sourceTree = "<group>";
		};
		49F66DC81E576B8000F4168D = {
			isa = PBXGroup;
			children = (
				49EB7E3F1F987A140045FAFC /* AirshipConfig.plist */,
				49F66DD31E576B8000F4168D /* KnowSnow */,
				49F66DD21E576B8000F4168D /* Products */,
				540AE504C7CA9F6261ADDD6B /* Pods */,
				2BC44F8659119E37AFD3DFE2 /* Frameworks */,
			);
			sourceTree = "<group>";
		};
		49F66DD21E576B8000F4168D /* Products */ = {
			isa = PBXGroup;
			children = (
				49F66DD11E576B8000F4168D /* KnowSnow.app */,
			);
			name = Products;
			sourceTree = "<group>";
		};
		49F66DD31E576B8000F4168D /* KnowSnow */ = {
			isa = PBXGroup;
			children = (
				4980FFAF1F8F32010088865F /* KnowSnow.entitlements */,
				49C527451ED633CA002C938A /* Objects */,
				49C947401E68E33A00CD65FD /* Views */,
				49EF4D721E651593006763A9 /* Graphics */,
				49F66DD41E576B8000F4168D /* AppDelegate.swift */,
				49F66DDD1E576B8000F4168D /* Assets.xcassets */,
				49F66DE21E576B8000F4168D /* Info.plist */,
				496829B21E68E0BE00D7A9AC /* GoogleService-Info.plist */,
				49C9473E1E68E2DC00CD65FD /* Networking */,
				49C9473D1E68E29500CD65FD /* View Controllers */,
			);
			path = KnowSnow;
			sourceTree = "<group>";
		};
		540AE504C7CA9F6261ADDD6B /* Pods */ = {
			isa = PBXGroup;
			children = (
				4C82FC58E25917960D8884C7 /* Pods-KnowSnow.debug.xcconfig */,
				FA4D4E7734F376BC58FEDA2E /* Pods-KnowSnow.release.xcconfig */,
			);
			name = Pods;
			sourceTree = "<group>";
		};
/* End PBXGroup section */

/* Begin PBXNativeTarget section */
		49F66DD01E576B8000F4168D /* KnowSnow */ = {
			isa = PBXNativeTarget;
			buildConfigurationList = 49F66DE51E576B8000F4168D /* Build configuration list for PBXNativeTarget "KnowSnow" */;
			buildPhases = (
				7B135EAEB75180F238D6AB61 /* [CP] Check Pods Manifest.lock */,
				49F66DCD1E576B8000F4168D /* Sources */,
				49F66DCE1E576B8000F4168D /* Frameworks */,
				49F66DCF1E576B8000F4168D /* Resources */,
				01F1A9DA2F74FB7E739A6A5A /* [CP] Embed Pods Frameworks */,
				F8DA97D67B364F092E0905FE /* [CP] Copy Pods Resources */,
			);
			buildRules = (
			);
			dependencies = (
			);
			name = KnowSnow;
			productName = KnowSnow;
			productReference = 49F66DD11E576B8000F4168D /* KnowSnow.app */;
			productType = "com.apple.product-type.application";
		};
/* End PBXNativeTarget section */

/* Begin PBXProject section */
		49F66DC91E576B8000F4168D /* Project object */ = {
			isa = PBXProject;
			attributes = {
				LastSwiftUpdateCheck = 0820;
				LastUpgradeCheck = 0900;
				ORGANIZATIONNAME = "Jack Sharkey";
				TargetAttributes = {
					49F66DD01E576B8000F4168D = {
						CreatedOnToolsVersion = 8.2.1;
						DevelopmentTeam = 9H2266G4DH;
						ProvisioningStyle = Automatic;
						SystemCapabilities = {
							com.apple.BackgroundModes = {
								enabled = 1;
							};
							com.apple.Push = {
								enabled = 1;
							};
						};
					};
				};
			};
			buildConfigurationList = 49F66DCC1E576B8000F4168D /* Build configuration list for PBXProject "KnowSnow" */;
			compatibilityVersion = "Xcode 3.2";
			developmentRegion = English;
			hasScannedForEncodings = 0;
			knownRegions = (
				en,
				Base,
			);
			mainGroup = 49F66DC81E576B8000F4168D;
			productRefGroup = 49F66DD21E576B8000F4168D /* Products */;
			projectDirPath = "";
			projectRoot = "";
			targets = (
				49F66DD01E576B8000F4168D /* KnowSnow */,
			);
		};
/* End PBXProject section */

/* Begin PBXResourcesBuildPhase section */
		49F66DCF1E576B8000F4168D /* Resources */ = {
			isa = PBXResourcesBuildPhase;
			buildActionMask = 2147483647;
			files = (
				49AB95041E669C6B0094EDAB /* Icon-44@2x.png in Resources */,
				49AB94F91E669C6B0094EDAB /* Icon-Small-50x50@2x.png in Resources */,
				49EF4DAF1E651593006763A9 /* Settings Filled-50.png in Resources */,
				4966CAE11ED8BCC90034C251 /* clear-day.png in Resources */,
				49AB94FF1E669C6B0094EDAB /* Icon-24@2x.png in Resources */,
				4966CADF1ED8BCC90034C251 /* thunderstorm.png in Resources */,
				49AB94FE1E669C6B0094EDAB /* Contents.json in Resources */,
				49AB95031E669C6B0094EDAB /* Icon-40@2x.png in Resources */,
				49AB94E81E669C6B0094EDAB /* Icon-App-29x29@2x.png in Resources */,
				49EB7E401F987A140045FAFC /* AirshipConfig.plist in Resources */,
				49AB94F11E669C6B0094EDAB /* Icon-App-60x60@3x.png in Resources */,
				49CB8EC91E671C08008A266C /* New Post Filled-38.png in Resources */,
				49EF4DB11E651593006763A9 /* users.png in Resources */,
				49AB94EA1E669C6B0094EDAB /* Icon-App-40x40@1x.png in Resources */,
				49AB94F41E669C6B0094EDAB /* Icon-App-76x76@1x.png in Resources */,
				49AB94F01E669C6B0094EDAB /* Icon-App-60x60@2x.png in Resources */,
				49CB8EC71E671B10008A266C /* Approval Filled-38.png in Resources */,
				49CB8EC51E671A87008A266C /* Lock Filled-38.png in Resources */,
				49AB95001E669C6B0094EDAB /* Icon-27.5@2x.png in Resources */,
				49AB94FA1E669C6B0094EDAB /* iTunesArtwork@1x.png in Resources */,
				49AB94B51E66826E0094EDAB /* Calendar Filled-25.png in Resources */,
				49AB94ED1E669C6B0094EDAB /* Icon-App-57x57@1x.png in Resources */,
				49AB94FB1E669C6B0094EDAB /* iTunesArtwork@2x.png in Resources */,
				49AB94F51E669C6B0094EDAB /* Icon-App-76x76@2x.png in Resources */,
				49AB94F71E669C6B0094EDAB /* Icon-App-83.5x83.5@2x.png in Resources */,
				49EF4D9E1E651593006763A9 /* info.png in Resources */,
				4966CADB1ED8BCC90034C251 /* rain.png in Resources */,
				49EF4DB21E651593006763A9 /* users@2x.png in Resources */,
				49F5347D1E67F4F2009DDFF1 /* Marker Filled-40.png in Resources */,
				49F66DE11E576B8000F4168D /* LaunchScreen.storyboard in Resources */,
				49AB94E51E669C6B0094EDAB /* Icon-App-20x20@2x.png in Resources */,
				49EF4DB01E651593006763A9 /* Settings-50.png in Resources */,
				4966CAE01ED8BCC90034C251 /* partly-cloudy-day.png in Resources */,
				49EF4D9A1E651593006763A9 /* exit.png in Resources */,
				49844CFD1F85DB9B003B3FFD /* darkSky2.png in Resources */,
				49AB94EB1E669C6B0094EDAB /* Icon-App-40x40@2x.png in Resources */,
				49EF4D991E651593006763A9 /* compare.png in Resources */,
				49EF4D9D1E651593006763A9 /* Info Filled-25.png in Resources */,
				49EF4DAC1E651593006763A9 /* schoolFilled.png in Resources */,
				49AB95021E669C6B0094EDAB /* Icon-29@3x.png in Resources */,
				49AB94E71E669C6B0094EDAB /* Icon-App-29x29@1x.png in Resources */,
				49EF4DA71E651593006763A9 /* Map Filled-50.png in Resources */,
				49EF4DAD1E651593006763A9 /* schoolFilled@2x.png in Resources */,
				49EF4D951E651593006763A9 /* clock.png in Resources */,
				49EF4DAA1E651593006763A9 /* safari.png in Resources */,
				49EF4DAB1E651593006763A9 /* school.png in Resources */,
				49AB94FC1E669C6B0094EDAB /* iTunesArtwork@3x.png in Resources */,
				49AB94E31E669C6B0094EDAB /* Contents.json in Resources */,
				49EF4DA91E651593006763A9 /* notification.png in Resources */,
				49AB94E61E669C6B0094EDAB /* Icon-App-20x20@3x.png in Resources */,
				49AB94F21E669C6B0094EDAB /* Icon-App-72x72@1x.png in Resources */,
				49AB94B91E668D5E0094EDAB /* Logo.png in Resources */,
				4966CADE1ED8BCC90034C251 /* snow.png in Resources */,
				49DDBFD81EE0D172009BC505 /* cloud toolbar.png in Resources */,
				49AB94B71E6687C70094EDAB /* Appointment Reminders Filled-25.png in Resources */,
				49AB94F31E669C6B0094EDAB /* Icon-App-72x72@2x.png in Resources */,
				4966CADD1ED8BCC90034C251 /* tornado.png in Resources */,
				4966CADA1ED8BCC90034C251 /* cloudy.png in Resources */,
				49EF4D981E651593006763A9 /* clockFilled@2x.png in Resources */,
				49AB95061E669C6B0094EDAB /* Icon-98@2x.png in Resources */,
				49AB94F81E669C6B0094EDAB /* Icon-Small-50x50@1x.png in Resources */,
				49AB94E41E669C6B0094EDAB /* Icon-App-20x20@1x.png in Resources */,
				49EF4DA61E651593006763A9 /* lock.png in Resources */,
				49CB8EC31E671A66008A266C /* Info Filled-38.png in Resources */,
				49AB94EE1E669C6B0094EDAB /* Icon-App-57x57@2x.png in Resources */,
				496829B11E68DA4400D7A9AC /* Search Filled-25.png in Resources */,
				49AB94F61E669C6B0094EDAB /* Icon-App-76x76@3x.png in Resources */,
				49EF4D971E651593006763A9 /* clockFilled.png in Resources */,
				49AB95011E669C6B0094EDAB /* Icon-29@2x.png in Resources */,
				49AB94EF1E669C6B0094EDAB /* Icon-App-60x60@1x.png in Resources */,
				49EF4D961E651593006763A9 /* clock@2x.png in Resources */,
				496829AF1E68CE3000D7A9AC /* fairfield county outline.png in Resources */,
				496829B31E68E0BE00D7A9AC /* GoogleService-Info.plist in Resources */,
				49844CF71F85C646003B3FFD /* icons8-Cloud Filled-50.png in Resources */,
				49EF4DA81E651593006763A9 /* Map-48.png in Resources */,
				4966CADC1ED8BCC90034C251 /* fog.png in Resources */,
				49F66DDE1E576B8000F4168D /* Assets.xcassets in Resources */,
				49AB94EC1E669C6B0094EDAB /* Icon-App-40x40@3x.png in Resources */,
				49AB95051E669C6B0094EDAB /* Icon-86@2x.png in Resources */,
				49F66DDC1E576B8000F4168D /* Main.storyboard in Resources */,
				49AB94E91E669C6B0094EDAB /* Icon-App-29x29@3x.png in Resources */,
				49C527491ED77D97002C938A /* windy.png in Resources */,
			);
			runOnlyForDeploymentPostprocessing = 0;
		};
/* End PBXResourcesBuildPhase section */

/* Begin PBXShellScriptBuildPhase section */
		01F1A9DA2F74FB7E739A6A5A /* [CP] Embed Pods Frameworks */ = {
			isa = PBXShellScriptBuildPhase;
			buildActionMask = 2147483647;
			files = (
			);
			inputPaths = (
				"${SRCROOT}/Pods/Target Support Files/Pods-KnowSnow/Pods-KnowSnow-frameworks.sh",
				"${BUILT_PRODUCTS_DIR}/Alamofire/Alamofire.framework",
				"${BUILT_PRODUCTS_DIR}/GoogleToolboxForMac/GoogleToolboxForMac.framework",
				"${BUILT_PRODUCTS_DIR}/KDCircularProgress/KDCircularProgress.framework",
				"${BUILT_PRODUCTS_DIR}/PopupDialog/PopupDialog.framework",
				"${BUILT_PRODUCTS_DIR}/Protobuf/Protobuf.framework",
				"${BUILT_PRODUCTS_DIR}/SideMenu/SideMenu.framework",
				"${BUILT_PRODUCTS_DIR}/SwiftSpinner/SwiftSpinner.framework",
				"${BUILT_PRODUCTS_DIR}/SwiftyJSON/SwiftyJSON.framework",
				"${BUILT_PRODUCTS_DIR}/UrbanAirship-iOS-SDK/AirshipKit.framework",
				"${BUILT_PRODUCTS_DIR}/leveldb-library/leveldb.framework",
				"${BUILT_PRODUCTS_DIR}/nanopb/nanopb.framework",
			);
			name = "[CP] Embed Pods Frameworks";
			outputPaths = (
				"${TARGET_BUILD_DIR}/${FRAMEWORKS_FOLDER_PATH}/Alamofire.framework",
				"${TARGET_BUILD_DIR}/${FRAMEWORKS_FOLDER_PATH}/GoogleToolboxForMac.framework",
				"${TARGET_BUILD_DIR}/${FRAMEWORKS_FOLDER_PATH}/KDCircularProgress.framework",
				"${TARGET_BUILD_DIR}/${FRAMEWORKS_FOLDER_PATH}/PopupDialog.framework",
				"${TARGET_BUILD_DIR}/${FRAMEWORKS_FOLDER_PATH}/Protobuf.framework",
				"${TARGET_BUILD_DIR}/${FRAMEWORKS_FOLDER_PATH}/SideMenu.framework",
				"${TARGET_BUILD_DIR}/${FRAMEWORKS_FOLDER_PATH}/SwiftSpinner.framework",
				"${TARGET_BUILD_DIR}/${FRAMEWORKS_FOLDER_PATH}/SwiftyJSON.framework",
				"${TARGET_BUILD_DIR}/${FRAMEWORKS_FOLDER_PATH}/AirshipKit.framework",
				"${TARGET_BUILD_DIR}/${FRAMEWORKS_FOLDER_PATH}/leveldb.framework",
				"${TARGET_BUILD_DIR}/${FRAMEWORKS_FOLDER_PATH}/nanopb.framework",
			);
			runOnlyForDeploymentPostprocessing = 0;
			shellPath = /bin/sh;
			shellScript = "\"${SRCROOT}/Pods/Target Support Files/Pods-KnowSnow/Pods-KnowSnow-frameworks.sh\"\n";
			showEnvVarsInLog = 0;
		};
		7B135EAEB75180F238D6AB61 /* [CP] Check Pods Manifest.lock */ = {
			isa = PBXShellScriptBuildPhase;
			buildActionMask = 2147483647;
			files = (
			);
			inputPaths = (
				"${PODS_PODFILE_DIR_PATH}/Podfile.lock",
				"${PODS_ROOT}/Manifest.lock",
			);
			name = "[CP] Check Pods Manifest.lock";
			outputPaths = (
				"$(DERIVED_FILE_DIR)/Pods-KnowSnow-checkManifestLockResult.txt",
			);
			runOnlyForDeploymentPostprocessing = 0;
			shellPath = /bin/sh;
			shellScript = "diff \"${PODS_PODFILE_DIR_PATH}/Podfile.lock\" \"${PODS_ROOT}/Manifest.lock\" > /dev/null\nif [ $? != 0 ] ; then\n    # print error to STDERR\n    echo \"error: The sandbox is not in sync with the Podfile.lock. Run 'pod install' or update your CocoaPods installation.\" >&2\n    exit 1\nfi\n# This output is used by Xcode 'outputs' to avoid re-running this script phase.\necho \"SUCCESS\" > \"${SCRIPT_OUTPUT_FILE_0}\"\n";
			showEnvVarsInLog = 0;
		};
		F8DA97D67B364F092E0905FE /* [CP] Copy Pods Resources */ = {
			isa = PBXShellScriptBuildPhase;
			buildActionMask = 2147483647;
			files = (
			);
			inputPaths = (
			);
			name = "[CP] Copy Pods Resources";
			outputPaths = (
			);
			runOnlyForDeploymentPostprocessing = 0;
			shellPath = /bin/sh;
			shellScript = "\"${SRCROOT}/Pods/Target Support Files/Pods-KnowSnow/Pods-KnowSnow-resources.sh\"\n";
			showEnvVarsInLog = 0;
		};
/* End PBXShellScriptBuildPhase section */

/* Begin PBXSourcesBuildPhase section */
		49F66DCD1E576B8000F4168D /* Sources */ = {
			isa = PBXSourcesBuildPhase;
			buildActionMask = 2147483647;
			files = (
				49F66DD91E576B8000F4168D /* DefaultViewController.swift in Sources */,
				49F66DD51E576B8000F4168D /* AppDelegate.swift in Sources */,
				49AB94FD1E669C6B0094EDAB /* README.md in Sources */,
				49F803B71F8592FC00463D30 /* SchoolClosingsViewController.swift in Sources */,
				49C527471ED633D9002C938A /* TownObject.swift in Sources */,
				3613791D1F96C5E90018490C /* WeatherCollectionView.swift in Sources */,
				49F66DD71E576B8000F4168D /* MapViewController.swift in Sources */,
				491D57641EE61EE40027F11C /* SetSchoolViewController.swift in Sources */,
				494AE5CB1EDE5892000E1BEC /* WeatherObject.swift in Sources */,
				4940397C1ED3AA0E000F028F /* SlideMenuViewController.swift in Sources */,
				49C527441ED6327A002C938A /* GetWeather.swift in Sources */,
				491D57661EE61F2A0027F11C /* TownCellTableViewCell.swift in Sources */,
				49FF61591ED3A44D0037D246 /* CustomCell.swift in Sources */,
				3613791B1F96C58E0018490C /* WeatherCell.swift in Sources */,
				492F08801ED5CBB600167D05 /* UISegmentedControl.swift in Sources */,
				492F08821ED5EFFD00167D05 /* LaunchScreenViewController.swift in Sources */,
				49CEB6991E6DD3DA007F0B70 /* RetrieveMapInfo.swift in Sources */,
				493B69E11F85E6E000838AE4 /* SetSchoolFromInfoViewController.swift in Sources */,
				49FEB8971F7AC96100DC05D2 /* InfoViewController.swift in Sources */,
				498F0B531EE79DC3004D0875 /* DatePickerDialog.swift in Sources */,
			);
			runOnlyForDeploymentPostprocessing = 0;
		};
/* End PBXSourcesBuildPhase section */

/* Begin PBXVariantGroup section */
		49F66DDA1E576B8000F4168D /* Main.storyboard */ = {
			isa = PBXVariantGroup;
			children = (
				49F66DDB1E576B8000F4168D /* Base */,
			);
			name = Main.storyboard;
			sourceTree = "<group>";
		};
		49F66DDF1E576B8000F4168D /* LaunchScreen.storyboard */ = {
			isa = PBXVariantGroup;
			children = (
				49F66DE01E576B8000F4168D /* Base */,
			);
			name = LaunchScreen.storyboard;
			sourceTree = "<group>";
		};
/* End PBXVariantGroup section */

/* Begin XCBuildConfiguration section */
		49F66DE31E576B8000F4168D /* Debug */ = {
			isa = XCBuildConfiguration;
			buildSettings = {
				ALWAYS_SEARCH_USER_PATHS = NO;
				CLANG_ANALYZER_NONNULL = YES;
				CLANG_CXX_LANGUAGE_STANDARD = "gnu++0x";
				CLANG_CXX_LIBRARY = "libc++";
				CLANG_ENABLE_MODULES = YES;
				CLANG_ENABLE_OBJC_ARC = YES;
				CLANG_WARN_BLOCK_CAPTURE_AUTORELEASING = YES;
				CLANG_WARN_BOOL_CONVERSION = YES;
				CLANG_WARN_COMMA = YES;
				CLANG_WARN_CONSTANT_CONVERSION = YES;
				CLANG_WARN_DIRECT_OBJC_ISA_USAGE = YES_ERROR;
				CLANG_WARN_DOCUMENTATION_COMMENTS = YES;
				CLANG_WARN_EMPTY_BODY = YES;
				CLANG_WARN_ENUM_CONVERSION = YES;
				CLANG_WARN_INFINITE_RECURSION = YES;
				CLANG_WARN_INT_CONVERSION = YES;
				CLANG_WARN_NON_LITERAL_NULL_CONVERSION = YES;
				CLANG_WARN_OBJC_LITERAL_CONVERSION = YES;
				CLANG_WARN_OBJC_ROOT_CLASS = YES_ERROR;
				CLANG_WARN_RANGE_LOOP_ANALYSIS = YES;
				CLANG_WARN_STRICT_PROTOTYPES = YES;
				CLANG_WARN_SUSPICIOUS_MOVE = YES;
				CLANG_WARN_UNREACHABLE_CODE = YES;
				CLANG_WARN__DUPLICATE_METHOD_MATCH = YES;
				"CODE_SIGN_IDENTITY[sdk=iphoneos*]" = "iPhone Developer";
				COPY_PHASE_STRIP = NO;
				DEBUG_INFORMATION_FORMAT = dwarf;
				ENABLE_STRICT_OBJC_MSGSEND = YES;
				ENABLE_TESTABILITY = YES;
				GCC_C_LANGUAGE_STANDARD = gnu99;
				GCC_DYNAMIC_NO_PIC = NO;
				GCC_NO_COMMON_BLOCKS = YES;
				GCC_OPTIMIZATION_LEVEL = 0;
				GCC_PREPROCESSOR_DEFINITIONS = (
					"DEBUG=1",
					"$(inherited)",
				);
				GCC_WARN_64_TO_32_BIT_CONVERSION = YES;
				GCC_WARN_ABOUT_RETURN_TYPE = YES_ERROR;
				GCC_WARN_UNDECLARED_SELECTOR = YES;
				GCC_WARN_UNINITIALIZED_AUTOS = YES_AGGRESSIVE;
				GCC_WARN_UNUSED_FUNCTION = YES;
				GCC_WARN_UNUSED_VARIABLE = YES;
				IPHONEOS_DEPLOYMENT_TARGET = 10.2;
				MTL_ENABLE_DEBUG_INFO = YES;
				ONLY_ACTIVE_ARCH = YES;
				SDKROOT = iphoneos;
				SWIFT_ACTIVE_COMPILATION_CONDITIONS = DEBUG;
				SWIFT_OPTIMIZATION_LEVEL = "-Onone";
				TARGETED_DEVICE_FAMILY = "1,2";
			};
			name = Debug;
		};
		49F66DE41E576B8000F4168D /* Release */ = {
			isa = XCBuildConfiguration;
			buildSettings = {
				ALWAYS_SEARCH_USER_PATHS = NO;
				CLANG_ANALYZER_NONNULL = YES;
				CLANG_CXX_LANGUAGE_STANDARD = "gnu++0x";
				CLANG_CXX_LIBRARY = "libc++";
				CLANG_ENABLE_MODULES = YES;
				CLANG_ENABLE_OBJC_ARC = YES;
				CLANG_WARN_BLOCK_CAPTURE_AUTORELEASING = YES;
				CLANG_WARN_BOOL_CONVERSION = YES;
				CLANG_WARN_COMMA = YES;
				CLANG_WARN_CONSTANT_CONVERSION = YES;
				CLANG_WARN_DIRECT_OBJC_ISA_USAGE = YES_ERROR;
				CLANG_WARN_DOCUMENTATION_COMMENTS = YES;
				CLANG_WARN_EMPTY_BODY = YES;
				CLANG_WARN_ENUM_CONVERSION = YES;
				CLANG_WARN_INFINITE_RECURSION = YES;
				CLANG_WARN_INT_CONVERSION = YES;
				CLANG_WARN_NON_LITERAL_NULL_CONVERSION = YES;
				CLANG_WARN_OBJC_LITERAL_CONVERSION = YES;
				CLANG_WARN_OBJC_ROOT_CLASS = YES_ERROR;
				CLANG_WARN_RANGE_LOOP_ANALYSIS = YES;
				CLANG_WARN_STRICT_PROTOTYPES = YES;
				CLANG_WARN_SUSPICIOUS_MOVE = YES;
				CLANG_WARN_UNREACHABLE_CODE = YES;
				CLANG_WARN__DUPLICATE_METHOD_MATCH = YES;
				"CODE_SIGN_IDENTITY[sdk=iphoneos*]" = "iPhone Developer";
				COPY_PHASE_STRIP = NO;
				DEBUG_INFORMATION_FORMAT = "dwarf-with-dsym";
				ENABLE_NS_ASSERTIONS = NO;
				ENABLE_STRICT_OBJC_MSGSEND = YES;
				GCC_C_LANGUAGE_STANDARD = gnu99;
				GCC_NO_COMMON_BLOCKS = YES;
				GCC_WARN_64_TO_32_BIT_CONVERSION = YES;
				GCC_WARN_ABOUT_RETURN_TYPE = YES_ERROR;
				GCC_WARN_UNDECLARED_SELECTOR = YES;
				GCC_WARN_UNINITIALIZED_AUTOS = YES_AGGRESSIVE;
				GCC_WARN_UNUSED_FUNCTION = YES;
				GCC_WARN_UNUSED_VARIABLE = YES;
				IPHONEOS_DEPLOYMENT_TARGET = 10.2;
				MTL_ENABLE_DEBUG_INFO = NO;
				SDKROOT = iphoneos;
				SWIFT_OPTIMIZATION_LEVEL = "-Owholemodule";
				TARGETED_DEVICE_FAMILY = "1,2";
				VALIDATE_PRODUCT = YES;
			};
			name = Release;
		};
		49F66DE61E576B8000F4168D /* Debug */ = {
			isa = XCBuildConfiguration;
			baseConfigurationReference = 4C82FC58E25917960D8884C7 /* Pods-KnowSnow.debug.xcconfig */;
			buildSettings = {
				ASSETCATALOG_COMPILER_APPICON_NAME = AppIcon;
				CODE_SIGN_ENTITLEMENTS = KnowSnow/KnowSnow.entitlements;
				DEVELOPMENT_TEAM = 9H2266G4DH;
				INFOPLIST_FILE = KnowSnow/Info.plist;
				LD_RUNPATH_SEARCH_PATHS = "$(inherited) @executable_path/Frameworks";
				PRODUCT_BUNDLE_IDENTIFIER = com.mobincube.ios.scPUQDU;
				PRODUCT_NAME = "$(TARGET_NAME)";
				SWIFT_VERSION = 3.0;
			};
			name = Debug;
		};
		49F66DE71E576B8000F4168D /* Release */ = {
			isa = XCBuildConfiguration;
			baseConfigurationReference = FA4D4E7734F376BC58FEDA2E /* Pods-KnowSnow.release.xcconfig */;
			buildSettings = {
				ASSETCATALOG_COMPILER_APPICON_NAME = AppIcon;
				CODE_SIGN_ENTITLEMENTS = KnowSnow/KnowSnow.entitlements;
				DEVELOPMENT_TEAM = 9H2266G4DH;
				INFOPLIST_FILE = KnowSnow/Info.plist;
				LD_RUNPATH_SEARCH_PATHS = "$(inherited) @executable_path/Frameworks";
				PRODUCT_BUNDLE_IDENTIFIER = com.mobincube.ios.scPUQDU;
				PRODUCT_NAME = "$(TARGET_NAME)";
				SWIFT_VERSION = 3.0;
			};
			name = Release;
		};
/* End XCBuildConfiguration section */

/* Begin XCConfigurationList section */
		49F66DCC1E576B8000F4168D /* Build configuration list for PBXProject "KnowSnow" */ = {
			isa = XCConfigurationList;
			buildConfigurations = (
				49F66DE31E576B8000F4168D /* Debug */,
				49F66DE41E576B8000F4168D /* Release */,
			);
			defaultConfigurationIsVisible = 0;
			defaultConfigurationName = Release;
		};
		49F66DE51E576B8000F4168D /* Build configuration list for PBXNativeTarget "KnowSnow" */ = {
			isa = XCConfigurationList;
			buildConfigurations = (
				49F66DE61E576B8000F4168D /* Debug */,
				49F66DE71E576B8000F4168D /* Release */,
			);
			defaultConfigurationIsVisible = 0;
			defaultConfigurationName = Release;
		};
/* End XCConfigurationList section */
	};
	rootObject = 49F66DC91E576B8000F4168D /* Project object */;
}
